// !$*UTF8*$!
{
	archiveVersion = 1;
	classes = {
	};
	objectVersion = 46;
	objects = {

/* Begin PBXBuildFile section */
		5AE711181B2E90EE00768E2E /* AppDelegate.swift in Sources */ = {isa = PBXBuildFile; fileRef = 5AE711171B2E90EE00768E2E /* AppDelegate.swift */; };
		5AE7111A1B2E90EE00768E2E /* ViewController.swift in Sources */ = {isa = PBXBuildFile; fileRef = 5AE711191B2E90EE00768E2E /* ViewController.swift */; };
		5AE7111D1B2E90EE00768E2E /* Main.storyboard in Resources */ = {isa = PBXBuildFile; fileRef = 5AE7111B1B2E90EE00768E2E /* Main.storyboard */; };
		5AE7111F1B2E90EE00768E2E /* Images.xcassets in Resources */ = {isa = PBXBuildFile; fileRef = 5AE7111E1B2E90EE00768E2E /* Images.xcassets */; };
		5AE711221B2E90EE00768E2E /* LaunchScreen.xib in Resources */ = {isa = PBXBuildFile; fileRef = 5AE711201B2E90EE00768E2E /* LaunchScreen.xib */; };
		5AE7112E1B2E90EF00768E2E /* animationTests.swift in Sources */ = {isa = PBXBuildFile; fileRef = 5AE7112D1B2E90EF00768E2E /* animationTests.swift */; };
/* End PBXBuildFile section */

/* Begin PBXContainerItemProxy section */
		5AE711281B2E90EF00768E2E /* PBXContainerItemProxy */ = {
			isa = PBXContainerItemProxy;
			containerPortal = 5AE7110A1B2E90EE00768E2E /* Project object */;
			proxyType = 1;
			remoteGlobalIDString = 5AE711111B2E90EE00768E2E;
			remoteInfo = animation;
		};
/* End PBXContainerItemProxy section */

/* Begin PBXFileReference section */
		5AE711121B2E90EE00768E2E /* animation.app */ = {isa = PBXFileReference; explicitFileType = wrapper.application; includeInIndex = 0; path = animation.app; sourceTree = BUILT_PRODUCTS_DIR; };
		5AE711161B2E90EE00768E2E /* Info.plist */ = {isa = PBXFileReference; lastKnownFileType = text.plist.xml; path = Info.plist; sourceTree = "<group>"; };
		5AE711171B2E90EE00768E2E /* AppDelegate.swift */ = {isa = PBXFileReference; lastKnownFileType = sourcecode.swift; path = AppDelegate.swift; sourceTree = "<group>"; };
		5AE711191B2E90EE00768E2E /* ViewController.swift */ = {isa = PBXFileReference; lastKnownFileType = sourcecode.swift; path = ViewController.swift; sourceTree = "<group>"; };
		5AE7111C1B2E90EE00768E2E /* Base */ = {isa = PBXFileReference; lastKnownFileType = file.storyboard; name = Base; path = Base.lproj/Main.storyboard; sourceTree = "<group>"; };
		5AE7111E1B2E90EE00768E2E /* Images.xcassets */ = {isa = PBXFileReference; lastKnownFileType = folder.assetcatalog; path = Images.xcassets; sourceTree = "<group>"; };
		5AE711211B2E90EE00768E2E /* Base */ = {isa = PBXFileReference; lastKnownFileType = file.xib; name = Base; path = Base.lproj/LaunchScreen.xib; sourceTree = "<group>"; };
		5AE711271B2E90EF00768E2E /* animationTests.xctest */ = {isa = PBXFileReference; explicitFileType = wrapper.cfbundle; includeInIndex = 0; path = animationTests.xctest; sourceTree = BUILT_PRODUCTS_DIR; };
		5AE7112C1B2E90EF00768E2E /* Info.plist */ = {isa = PBXFileReference; lastKnownFileType = text.plist.xml; path = Info.plist; sourceTree = "<group>"; };
		5AE7112D1B2E90EF00768E2E /* animationTests.swift */ = {isa = PBXFileReference; lastKnownFileType = sourcecode.swift; path = animationTests.swift; sourceTree = "<group>"; };
/* End PBXFileReference section */

/* Begin PBXFrameworksBuildPhase section */
		5AE7110F1B2E90EE00768E2E /* Frameworks */ = {
			isa = PBXFrameworksBuildPhase;
			buildActionMask = 2147483647;
			files = (
			);
			runOnlyForDeploymentPostprocessing = 0;
		};
		5AE711241B2E90EF00768E2E /* Frameworks */ = {
			isa = PBXFrameworksBuildPhase;
			buildActionMask = 2147483647;
			files = (
			);
			runOnlyForDeploymentPostprocessing = 0;
		};
/* End PBXFrameworksBuildPhase section */

/* Begin PBXGroup section */
		5AE711091B2E90EE00768E2E = {
			isa = PBXGroup;
			children = (
				5AE711141B2E90EE00768E2E /* animation */,
				5AE7112A1B2E90EF00768E2E /* animationTests */,
				5AE711131B2E90EE00768E2E /* Products */,
			);
			sourceTree = "<group>";
		};
		5AE711131B2E90EE00768E2E /* Products */ = {
			isa = PBXGroup;
			children = (
				5AE711121B2E90EE00768E2E /* animation.app */,
				5AE711271B2E90EF00768E2E /* animationTests.xctest */,
			);
			name = Products;
			sourceTree = "<group>";
		};
		5AE711141B2E90EE00768E2E /* animation */ = {
			isa = PBXGroup;
			children = (
				5AE711171B2E90EE00768E2E /* AppDelegate.swift */,
				5AE711191B2E90EE00768E2E /* ViewController.swift */,
				5AE7111B1B2E90EE00768E2E /* Main.storyboard */,
				5AE7111E1B2E90EE00768E2E /* Images.xcassets */,
				5AE711201B2E90EE00768E2E /* LaunchScreen.xib */,
				5AE711151B2E90EE00768E2E /* Supporting Files */,
			);
			path = animation;
			sourceTree = "<group>";
		};
		5AE711151B2E90EE00768E2E /* Supporting Files */ = {
			isa = PBXGroup;
			children = (
				5AE711161B2E90EE00768E2E /* Info.plist */,
			);
			name = "Supporting Files";
			sourceTree = "<group>";
		};
		5AE7112A1B2E90EF00768E2E /* animationTests */ = {
			isa = PBXGroup;
			children = (
				5AE7112D1B2E90EF00768E2E /* animationTests.swift */,
				5AE7112B1B2E90EF00768E2E /* Supporting Files */,
			);
			path = animationTests;
			sourceTree = "<group>";
		};
		5AE7112B1B2E90EF00768E2E /* Supporting Files */ = {
			isa = PBXGroup;
			children = (
				5AE7112C1B2E90EF00768E2E /* Info.plist */,
			);
			name = "Supporting Files";
			sourceTree = "<group>";
		};
/* End PBXGroup section */

/* Begin PBXNativeTarget section */
		5AE711111B2E90EE00768E2E /* animation */ = {
			isa = PBXNativeTarget;
			buildConfigurationList = 5AE711311B2E90EF00768E2E /* Build configuration list for PBXNativeTarget "animation" */;
			buildPhases = (
				5AE7110E1B2E90EE00768E2E /* Sources */,
				5AE7110F1B2E90EE00768E2E /* Frameworks */,
				5AE711101B2E90EE00768E2E /* Resources */,
			);
			buildRules = (
			);
			dependencies = (
			);
			name = animation;
			productName = animation;
			productReference = 5AE711121B2E90EE00768E2E /* animation.app */;
			productType = "com.apple.product-type.application";
		};
		5AE711261B2E90EF00768E2E /* animationTests */ = {
			isa = PBXNativeTarget;
			buildConfigurationList = 5AE711341B2E90EF00768E2E /* Build configuration list for PBXNativeTarget "animationTests" */;
			buildPhases = (
				5AE711231B2E90EF00768E2E /* Sources */,
				5AE711241B2E90EF00768E2E /* Frameworks */,
				5AE711251B2E90EF00768E2E /* Resources */,
			);
			buildRules = (
			);
			dependencies = (
				5AE711291B2E90EF00768E2E /* PBXTargetDependency */,
			);
			name = animationTests;
			productName = animationTests;
			productReference = 5AE711271B2E90EF00768E2E /* animationTests.xctest */;
			productType = "com.apple.product-type.bundle.unit-test";
		};
/* End PBXNativeTarget section */

/* Begin PBXProject section */
		5AE7110A1B2E90EE00768E2E /* Project object */ = {
			isa = PBXProject;
			attributes = {
				LastUpgradeCheck = 0630;
				ORGANIZATIONNAME = "Jun Zhou";
				TargetAttributes = {
					5AE711111B2E90EE00768E2E = {
						CreatedOnToolsVersion = 6.3.2;
					};
					5AE711261B2E90EF00768E2E = {
						CreatedOnToolsVersion = 6.3.2;
						TestTargetID = 5AE711111B2E90EE00768E2E;
					};
				};
			};
			buildConfigurationList = 5AE7110D1B2E90EE00768E2E /* Build configuration list for PBXProject "animation" */;
			compatibilityVersion = "Xcode 3.2";
			developmentRegion = English;
			hasScannedForEncodings = 0;
			knownRegions = (
				en,
				Base,
			);
			mainGroup = 5AE711091B2E90EE00768E2E;
			productRefGroup = 5AE711131B2E90EE00768E2E /* Products */;
			projectDirPath = "";
			projectRoot = "";
			targets = (
				5AE711111B2E90EE00768E2E /* animation */,
				5AE711261B2E90EF00768E2E /* animationTests */,
			);
		};
/* End PBXProject section */

/* Begin PBXResourcesBuildPhase section */
		5AE711101B2E90EE00768E2E /* Resources */ = {
			isa = PBXResourcesBuildPhase;
			buildActionMask = 2147483647;
			files = (
				5AE7111D1B2E90EE00768E2E /* Main.storyboard in Resources */,
				5AE711221B2E90EE00768E2E /* LaunchScreen.xib in Resources */,
				5AE7111F1B2E90EE00768E2E /* Images.xcassets in Resources */,
			);
			runOnlyForDeploymentPostprocessing = 0;
		};
		5AE711251B2E90EF00768E2E /* Resources */ = {
			isa = PBXResourcesBuildPhase;
			buildActionMask = 2147483647;
			files = (
			);
			runOnlyForDeploymentPostprocessing = 0;
		};
/* End PBXResourcesBuildPhase section */

/* Begin PBXSourcesBuildPhase section */
		5AE7110E1B2E90EE00768E2E /* Sources */ = {
			isa = PBXSourcesBuildPhase;
			buildActionMask = 2147483647;
			files = (
				5AE7111A1B2E90EE00768E2E /* ViewController.swift in Sources */,
				5AE711181B2E90EE00768E2E /* AppDelegate.swift in Sources */,
			);
			runOnlyForDeploymentPostprocessing = 0;
		};
		5AE711231B2E90EF00768E2E /* Sources */ = {
			isa = PBXSourcesBuildPhase;
			buildActionMask = 2147483647;
			files = (
				5AE7112E1B2E90EF00768E2E /* animationTests.swift in Sources */,
			);
			runOnlyForDeploymentPostprocessing = 0;
		};
/* End PBXSourcesBuildPhase section */

/* Begin PBXTargetDependency section */
		5AE711291B2E90EF00768E2E /* PBXTargetDependency */ = {
			isa = PBXTargetDependency;
			target = 5AE711111B2E90EE00768E2E /* animation */;
			targetProxy = 5AE711281B2E90EF00768E2E /* PBXContainerItemProxy */;
		};
/* End PBXTargetDependency section */

/* Begin PBXVariantGroup section */
		5AE7111B1B2E90EE00768E2E /* Main.storyboard */ = {
			isa = PBXVariantGroup;
			children = (
				5AE7111C1B2E90EE00768E2E /* Base */,
			);
			name = Main.storyboard;
			sourceTree = "<group>";
		};
		5AE711201B2E90EE00768E2E /* LaunchScreen.xib */ = {
			isa = PBXVariantGroup;
			children = (
				5AE711211B2E90EE00768E2E /* Base */,
			);
			name = LaunchScreen.xib;
			sourceTree = "<group>";
		};
/* End PBXVariantGroup section */

/* Begin XCBuildConfiguration section */
		5AE7112F1B2E90EF00768E2E /* Debug */ = {
			isa = XCBuildConfiguration;
			buildSettings = {
				ALWAYS_SEARCH_USER_PATHS = NO;
				CLANG_CXX_LANGUAGE_STANDARD = "gnu++0x";
				CLANG_CXX_LIBRARY = "libc++";
				CLANG_ENABLE_MODULES = YES;
				CLANG_ENABLE_OBJC_ARC = YES;
				CLANG_WARN_BOOL_CONVERSION = YES;
				CLANG_WARN_CONSTANT_CONVERSION = YES;
				CLANG_WARN_DIRECT_OBJC_ISA_USAGE = YES_ERROR;
				CLANG_WARN_EMPTY_BODY = YES;
				CLANG_WARN_ENUM_CONVERSION = YES;
				CLANG_WARN_INT_CONVERSION = YES;
				CLANG_WARN_OBJC_ROOT_CLASS = YES_ERROR;
				CLANG_WARN_UNREACHABLE_CODE = YES;
				CLANG_WARN__DUPLICATE_METHOD_MATCH = YES;
				"CODE_SIGN_IDENTITY[sdk=iphoneos*]" = "iPhone Developer";
				COPY_PHASE_STRIP = NO;
				DEBUG_INFORMATION_FORMAT = "dwarf-with-dsym";
				ENABLE_STRICT_OBJC_MSGSEND = YES;
				GCC_C_LANGUAGE_STANDARD = gnu99;
				GCC_DYNAMIC_NO_PIC = NO;
				GCC_NO_COMMON_BLOCKS = YES;
				GCC_OPTIMIZATION_LEVEL = 0;
				GCC_PREPROCESSOR_DEFINITIONS = (
					"DEBUG=1",
					"$(inherited)",
				);
				GCC_SYMBOLS_PRIVATE_EXTERN = NO;
				GCC_WARN_64_TO_32_BIT_CONVERSION = YES;
				GCC_WARN_ABOUT_RETURN_TYPE = YES_ERROR;
				GCC_WARN_UNDECLARED_SELECTOR = YES;
				GCC_WARN_UNINITIALIZED_AUTOS = YES_AGGRESSIVE;
				GCC_WARN_UNUSED_FUNCTION = YES;
				GCC_WARN_UNUSED_VARIABLE = YES;
				IPHONEOS_DEPLOYMENT_TARGET = 8.3;
				MTL_ENABLE_DEBUG_INFO = YES;
				ONLY_ACTIVE_ARCH = YES;
				SDKROOT = iphoneos;
				SWIFT_OPTIMIZATION_LEVEL = "-Onone";
				TARGETED_DEVICE_FAMILY = "1,2";
			};
			name = Debug;
		};
		5AE711301B2E90EF00768E2E /* Release */ = {
			isa = XCBuildConfiguration;
			buildSettings = {
				ALWAYS_SEARCH_USER_PATHS = NO;
				CLANG_CXX_LANGUAGE_STANDARD = "gnu++0x";
				CLANG_CXX_LIBRARY = "libc++";
				CLANG_ENABLE_MODULES = YES;
				CLANG_ENABLE_OBJC_ARC = YES;
				CLANG_WARN_BOOL_CONVERSION = YES;
				CLANG_WARN_CONSTANT_CONVERSION = YES;
				CLANG_WARN_DIRECT_OBJC_ISA_USAGE = YES_ERROR;
				CLANG_WARN_EMPTY_BODY = YES;
				CLANG_WARN_ENUM_CONVERSION = YES;
				CLANG_WARN_INT_CONVERSION = YES;
				CLANG_WARN_OBJC_ROOT_CLASS = YES_ERROR;
				CLANG_WARN_UNREACHABLE_CODE = YES;
				CLANG_WARN__DUPLICATE_METHOD_MATCH = YES;
				"CODE_SIGN_IDENTITY[sdk=iphoneos*]" = "iPhone Developer";
				COPY_PHASE_STRIP = NO;
				DEBUG_INFORMATION_FORMAT = "dwarf-with-dsym";
				ENABLE_NS_ASSERTIONS = NO;
				ENABLE_STRICT_OBJC_MSGSEND = YES;
				GCC_C_LANGUAGE_STANDARD = gnu99;
				GCC_NO_COMMON_BLOCKS = YES;
				GCC_WARN_64_TO_32_BIT_CONVERSION = YES;
				GCC_WARN_ABOUT_RETURN_TYPE = YES_ERROR;
				GCC_WARN_UNDECLARED_SELECTOR = YES;
				GCC_WARN_UNINITIALIZED_AUTOS = YES_AGGRESSIVE;
				GCC_WARN_UNUSED_FUNCTION = YES;
				GCC_WARN_UNUSED_VARIABLE = YES;
				IPHONEOS_DEPLOYMENT_TARGET = 8.3;
				MTL_ENABLE_DEBUG_INFO = NO;
				SDKROOT = iphoneos;
				TARGETED_DEVICE_FAMILY = "1,2";
				VALIDATE_PRODUCT = YES;
			};
			name = Release;
		};
		5AE711321B2E90EF00768E2E /* Debug */ = {
			isa = XCBuildConfiguration;
			buildSettings = {
				ASSETCATALOG_COMPILER_APPICON_NAME = AppIcon;
				INFOPLIST_FILE = animation/Info.plist;
				LD_RUNPATH_SEARCH_PATHS = "$(inherited) @executable_path/Frameworks";
				PRODUCT_NAME = "$(TARGET_NAME)";
			};
			name = Debug;
		};
		5AE711331B2E90EF00768E2E /* Release */ = {
			isa = XCBuildConfiguration;
			buildSettings = {
				ASSETCATALOG_COMPILER_APPICON_NAME = AppIcon;
				INFOPLIST_FILE = animation/Info.plist;
				LD_RUNPATH_SEARCH_PATHS = "$(inherited) @executable_path/Frameworks";
				PRODUCT_NAME = "$(TARGET_NAME)";
			};
			name = Release;
		};
		5AE711351B2E90EF00768E2E /* Debug */ = {
			isa = XCBuildConfiguration;
			buildSettings = {
				BUNDLE_LOADER = "$(TEST_HOST)";
				FRAMEWORK_SEARCH_PATHS = (
					"$(SDKROOT)/Developer/Library/Frameworks",
					"$(inherited)",
				);
				GCC_PREPROCESSOR_DEFINITIONS = (
					"DEBUG=1",
					"$(inherited)",
				);
				INFOPLIST_FILE = animationTests/Info.plist;
				LD_RUNPATH_SEARCH_PATHS = "$(inherited) @executable_path/Frameworks @loader_path/Frameworks";
				PRODUCT_NAME = "$(TARGET_NAME)";
				TEST_HOST = "$(BUILT_PRODUCTS_DIR)/animation.app/animation";
			};
			name = Debug;
		};
		5AE711361B2E90EF00768E2E /* Release */ = {
			isa = XCBuildConfiguration;
			buildSettings = {
				BUNDLE_LOADER = "$(TEST_HOST)";
				FRAMEWORK_SEARCH_PATHS = (
					"$(SDKROOT)/Developer/Library/Frameworks",
					"$(inherited)",
				);
				INFOPLIST_FILE = animationTests/Info.plist;
				LD_RUNPATH_SEARCH_PATHS = "$(inherited) @executable_path/Frameworks @loader_path/Frameworks";
				PRODUCT_NAME = "$(TARGET_NAME)";
				TEST_HOST = "$(BUILT_PRODUCTS_DIR)/animation.app/animation";
			};
			name = Release;
		};
/* End XCBuildConfiguration section */

/* Begin XCConfigurationList section */
		5AE7110D1B2E90EE00768E2E /* Build configuration list for PBXProject "animation" */ = {
			isa = XCConfigurationList;
			buildConfigurations = (
				5AE7112F1B2E90EF00768E2E /* Debug */,
				5AE711301B2E90EF00768E2E /* Release */,
			);
			defaultConfigurationIsVisible = 0;
			defaultConfigurationName = Release;
		};
		5AE711311B2E90EF00768E2E /* Build configuration list for PBXNativeTarget "animation" */ = {
			isa = XCConfigurationList;
			buildConfigurations = (
				5AE711321B2E90EF00768E2E /* Debug */,
				5AE711331B2E90EF00768E2E /* Release */,
			);
			defaultConfigurationIsVisible = 0;
		};
		5AE711341B2E90EF00768E2E /* Build configuration list for PBXNativeTarget "animationTests" */ = {
			isa = XCConfigurationList;
			buildConfigurations = (
				5AE711351B2E90EF00768E2E /* Debug */,
				5AE711361B2E90EF00768E2E /* Release */,
			);
			defaultConfigurationIsVisible = 0;
		};
/* End XCConfigurationList section */
	};
	rootObject = 5AE7110A1B2E90EE00768E2E /* Project object */;
}
